// !$*UTF8*$!
{
	archiveVersion = 1;
	classes = {
	};
	objectVersion = 50;
	objects = {

/* Begin PBXBuildFile section */
		E0FA759D25CD1BFE00782442 /* AppDelegate.swift in Sources */ = {isa = PBXBuildFile; fileRef = E0FA759C25CD1BFE00782442 /* AppDelegate.swift */; };
		E0FA759F25CD1BFE00782442 /* SceneDelegate.swift in Sources */ = {isa = PBXBuildFile; fileRef = E0FA759E25CD1BFE00782442 /* SceneDelegate.swift */; };
		E0FA75A125CD1BFE00782442 /* ViewController.swift in Sources */ = {isa = PBXBuildFile; fileRef = E0FA75A025CD1BFE00782442 /* ViewController.swift */; };
		E0FA75A425CD1BFE00782442 /* Main.storyboard in Resources */ = {isa = PBXBuildFile; fileRef = E0FA75A225CD1BFE00782442 /* Main.storyboard */; };
		E0FA75A625CD1C0100782442 /* Assets.xcassets in Resources */ = {isa = PBXBuildFile; fileRef = E0FA75A525CD1C0100782442 /* Assets.xcassets */; };
		E0FA75A925CD1C0100782442 /* LaunchScreen.storyboard in Resources */ = {isa = PBXBuildFile; fileRef = E0FA75A725CD1C0100782442 /* LaunchScreen.storyboard */; };
		E0FA75B425CD1C0100782442 /* StopWatchTests.swift in Sources */ = {isa = PBXBuildFile; fileRef = E0FA75B325CD1C0100782442 /* StopWatchTests.swift */; };
		E0FA75BF25CD1C0100782442 /* StopWatchUITests.swift in Sources */ = {isa = PBXBuildFile; fileRef = E0FA75BE25CD1C0100782442 /* StopWatchUITests.swift */; };
/* End PBXBuildFile section */

/* Begin PBXContainerItemProxy section */
		E0FA75B025CD1C0100782442 /* PBXContainerItemProxy */ = {
			isa = PBXContainerItemProxy;
			containerPortal = E0FA759125CD1BFE00782442 /* Project object */;
			proxyType = 1;
			remoteGlobalIDString = E0FA759825CD1BFE00782442;
			remoteInfo = StopWatch;
		};
		E0FA75BB25CD1C0100782442 /* PBXContainerItemProxy */ = {
			isa = PBXContainerItemProxy;
			containerPortal = E0FA759125CD1BFE00782442 /* Project object */;
			proxyType = 1;
			remoteGlobalIDString = E0FA759825CD1BFE00782442;
			remoteInfo = StopWatch;
		};
/* End PBXContainerItemProxy section */

/* Begin PBXFileReference section */
		E0FA759925CD1BFE00782442 /* StopWatch.app */ = {isa = PBXFileReference; explicitFileType = wrapper.application; includeInIndex = 0; path = StopWatch.app; sourceTree = BUILT_PRODUCTS_DIR; };
		E0FA759C25CD1BFE00782442 /* AppDelegate.swift */ = {isa = PBXFileReference; lastKnownFileType = sourcecode.swift; path = AppDelegate.swift; sourceTree = "<group>"; };
		E0FA759E25CD1BFE00782442 /* SceneDelegate.swift */ = {isa = PBXFileReference; lastKnownFileType = sourcecode.swift; path = SceneDelegate.swift; sourceTree = "<group>"; };
		E0FA75A025CD1BFE00782442 /* ViewController.swift */ = {isa = PBXFileReference; lastKnownFileType = sourcecode.swift; path = ViewController.swift; sourceTree = "<group>"; };
		E0FA75A325CD1BFE00782442 /* Base */ = {isa = PBXFileReference; lastKnownFileType = file.storyboard; name = Base; path = Base.lproj/Main.storyboard; sourceTree = "<group>"; };
		E0FA75A525CD1C0100782442 /* Assets.xcassets */ = {isa = PBXFileReference; lastKnownFileType = folder.assetcatalog; path = Assets.xcassets; sourceTree = "<group>"; };
		E0FA75A825CD1C0100782442 /* Base */ = {isa = PBXFileReference; lastKnownFileType = file.storyboard; name = Base; path = Base.lproj/LaunchScreen.storyboard; sourceTree = "<group>"; };
		E0FA75AA25CD1C0100782442 /* Info.plist */ = {isa = PBXFileReference; lastKnownFileType = text.plist.xml; path = Info.plist; sourceTree = "<group>"; };
		E0FA75AF25CD1C0100782442 /* StopWatchTests.xctest */ = {isa = PBXFileReference; explicitFileType = wrapper.cfbundle; includeInIndex = 0; path = StopWatchTests.xctest; sourceTree = BUILT_PRODUCTS_DIR; };
		E0FA75B325CD1C0100782442 /* StopWatchTests.swift */ = {isa = PBXFileReference; lastKnownFileType = sourcecode.swift; path = StopWatchTests.swift; sourceTree = "<group>"; };
		E0FA75B525CD1C0100782442 /* Info.plist */ = {isa = PBXFileReference; lastKnownFileType = text.plist.xml; path = Info.plist; sourceTree = "<group>"; };
		E0FA75BA25CD1C0100782442 /* StopWatchUITests.xctest */ = {isa = PBXFileReference; explicitFileType = wrapper.cfbundle; includeInIndex = 0; path = StopWatchUITests.xctest; sourceTree = BUILT_PRODUCTS_DIR; };
		E0FA75BE25CD1C0100782442 /* StopWatchUITests.swift */ = {isa = PBXFileReference; lastKnownFileType = sourcecode.swift; path = StopWatchUITests.swift; sourceTree = "<group>"; };
		E0FA75C025CD1C0100782442 /* Info.plist */ = {isa = PBXFileReference; lastKnownFileType = text.plist.xml; path = Info.plist; sourceTree = "<group>"; };
/* End PBXFileReference section */

/* Begin PBXFrameworksBuildPhase section */
		E0FA759625CD1BFE00782442 /* Frameworks */ = {
			isa = PBXFrameworksBuildPhase;
			buildActionMask = 2147483647;
			files = (
			);
			runOnlyForDeploymentPostprocessing = 0;
		};
		E0FA75AC25CD1C0100782442 /* Frameworks */ = {
			isa = PBXFrameworksBuildPhase;
			buildActionMask = 2147483647;
			files = (
			);
			runOnlyForDeploymentPostprocessing = 0;
		};
		E0FA75B725CD1C0100782442 /* Frameworks */ = {
			isa = PBXFrameworksBuildPhase;
			buildActionMask = 2147483647;
			files = (
			);
			runOnlyForDeploymentPostprocessing = 0;
		};
/* End PBXFrameworksBuildPhase section */

/* Begin PBXGroup section */
		E0FA759025CD1BFE00782442 = {
			isa = PBXGroup;
			children = (
				E0FA759B25CD1BFE00782442 /* StopWatch */,
				E0FA75B225CD1C0100782442 /* StopWatchTests */,
				E0FA75BD25CD1C0100782442 /* StopWatchUITests */,
				E0FA759A25CD1BFE00782442 /* Products */,
			);
			sourceTree = "<group>";
		};
		E0FA759A25CD1BFE00782442 /* Products */ = {
			isa = PBXGroup;
			children = (
				E0FA759925CD1BFE00782442 /* StopWatch.app */,
				E0FA75AF25CD1C0100782442 /* StopWatchTests.xctest */,
				E0FA75BA25CD1C0100782442 /* StopWatchUITests.xctest */,
			);
			name = Products;
			sourceTree = "<group>";
		};
		E0FA759B25CD1BFE00782442 /* StopWatch */ = {
			isa = PBXGroup;
			children = (
				E0FA759C25CD1BFE00782442 /* AppDelegate.swift */,
				E0FA759E25CD1BFE00782442 /* SceneDelegate.swift */,
				E0FA75A025CD1BFE00782442 /* ViewController.swift */,
				E0FA75A225CD1BFE00782442 /* Main.storyboard */,
				E0FA75A525CD1C0100782442 /* Assets.xcassets */,
				E0FA75A725CD1C0100782442 /* LaunchScreen.storyboard */,
				E0FA75AA25CD1C0100782442 /* Info.plist */,
			);
			path = StopWatch;
			sourceTree = "<group>";
		};
		E0FA75B225CD1C0100782442 /* StopWatchTests */ = {
			isa = PBXGroup;
			children = (
				E0FA75B325CD1C0100782442 /* StopWatchTests.swift */,
				E0FA75B525CD1C0100782442 /* Info.plist */,
			);
			path = StopWatchTests;
			sourceTree = "<group>";
		};
		E0FA75BD25CD1C0100782442 /* StopWatchUITests */ = {
			isa = PBXGroup;
			children = (
				E0FA75BE25CD1C0100782442 /* StopWatchUITests.swift */,
				E0FA75C025CD1C0100782442 /* Info.plist */,
			);
			path = StopWatchUITests;
			sourceTree = "<group>";
		};
/* End PBXGroup section */

/* Begin PBXNativeTarget section */
		E0FA759825CD1BFE00782442 /* StopWatch */ = {
			isa = PBXNativeTarget;
			buildConfigurationList = E0FA75C325CD1C0100782442 /* Build configuration list for PBXNativeTarget "StopWatch" */;
			buildPhases = (
				E0FA759525CD1BFE00782442 /* Sources */,
				E0FA759625CD1BFE00782442 /* Frameworks */,
				E0FA759725CD1BFE00782442 /* Resources */,
			);
			buildRules = (
			);
			dependencies = (
			);
			name = StopWatch;
			productName = StopWatch;
			productReference = E0FA759925CD1BFE00782442 /* StopWatch.app */;
			productType = "com.apple.product-type.application";
		};
		E0FA75AE25CD1C0100782442 /* StopWatchTests */ = {
			isa = PBXNativeTarget;
			buildConfigurationList = E0FA75C625CD1C0100782442 /* Build configuration list for PBXNativeTarget "StopWatchTests" */;
			buildPhases = (
				E0FA75AB25CD1C0100782442 /* Sources */,
				E0FA75AC25CD1C0100782442 /* Frameworks */,
				E0FA75AD25CD1C0100782442 /* Resources */,
			);
			buildRules = (
			);
			dependencies = (
				E0FA75B125CD1C0100782442 /* PBXTargetDependency */,
			);
			name = StopWatchTests;
			productName = StopWatchTests;
			productReference = E0FA75AF25CD1C0100782442 /* StopWatchTests.xctest */;
			productType = "com.apple.product-type.bundle.unit-test";
		};
		E0FA75B925CD1C0100782442 /* StopWatchUITests */ = {
			isa = PBXNativeTarget;
			buildConfigurationList = E0FA75C925CD1C0100782442 /* Build configuration list for PBXNativeTarget "StopWatchUITests" */;
			buildPhases = (
				E0FA75B625CD1C0100782442 /* Sources */,
				E0FA75B725CD1C0100782442 /* Frameworks */,
				E0FA75B825CD1C0100782442 /* Resources */,
			);
			buildRules = (
			);
			dependencies = (
				E0FA75BC25CD1C0100782442 /* PBXTargetDependency */,
			);
			name = StopWatchUITests;
			productName = StopWatchUITests;
			productReference = E0FA75BA25CD1C0100782442 /* StopWatchUITests.xctest */;
			productType = "com.apple.product-type.bundle.ui-testing";
		};
/* End PBXNativeTarget section */

/* Begin PBXProject section */
		E0FA759125CD1BFE00782442 /* Project object */ = {
			isa = PBXProject;
			attributes = {
				LastSwiftUpdateCheck = 1240;
				LastUpgradeCheck = 1240;
				TargetAttributes = {
					E0FA759825CD1BFE00782442 = {
						CreatedOnToolsVersion = 12.4;
					};
					E0FA75AE25CD1C0100782442 = {
						CreatedOnToolsVersion = 12.4;
						TestTargetID = E0FA759825CD1BFE00782442;
					};
					E0FA75B925CD1C0100782442 = {
						CreatedOnToolsVersion = 12.4;
						TestTargetID = E0FA759825CD1BFE00782442;
					};
				};
			};
			buildConfigurationList = E0FA759425CD1BFE00782442 /* Build configuration list for PBXProject "StopWatch" */;
			compatibilityVersion = "Xcode 9.3";
			developmentRegion = en;
			hasScannedForEncodings = 0;
			knownRegions = (
				en,
				Base,
			);
			mainGroup = E0FA759025CD1BFE00782442;
			productRefGroup = E0FA759A25CD1BFE00782442 /* Products */;
			projectDirPath = "";
			projectRoot = "";
			targets = (
				E0FA759825CD1BFE00782442 /* StopWatch */,
				E0FA75AE25CD1C0100782442 /* StopWatchTests */,
				E0FA75B925CD1C0100782442 /* StopWatchUITests */,
			);
		};
/* End PBXProject section */

/* Begin PBXResourcesBuildPhase section */
		E0FA759725CD1BFE00782442 /* Resources */ = {
			isa = PBXResourcesBuildPhase;
			buildActionMask = 2147483647;
			files = (
				E0FA75A925CD1C0100782442 /* LaunchScreen.storyboard in Resources */,
				E0FA75A625CD1C0100782442 /* Assets.xcassets in Resources */,
				E0FA75A425CD1BFE00782442 /* Main.storyboard in Resources */,
			);
			runOnlyForDeploymentPostprocessing = 0;
		};
		E0FA75AD25CD1C0100782442 /* Resources */ = {
			isa = PBXResourcesBuildPhase;
			buildActionMask = 2147483647;
			files = (
			);
			runOnlyForDeploymentPostprocessing = 0;
		};
		E0FA75B825CD1C0100782442 /* Resources */ = {
			isa = PBXResourcesBuildPhase;
			buildActionMask = 2147483647;
			files = (
			);
			runOnlyForDeploymentPostprocessing = 0;
		};
/* End PBXResourcesBuildPhase section */

/* Begin PBXSourcesBuildPhase section */
		E0FA759525CD1BFE00782442 /* Sources */ = {
			isa = PBXSourcesBuildPhase;
			buildActionMask = 2147483647;
			files = (
				E0FA75A125CD1BFE00782442 /* ViewController.swift in Sources */,
				E0FA759D25CD1BFE00782442 /* AppDelegate.swift in Sources */,
				E0FA759F25CD1BFE00782442 /* SceneDelegate.swift in Sources */,
			);
			runOnlyForDeploymentPostprocessing = 0;
		};
		E0FA75AB25CD1C0100782442 /* Sources */ = {
			isa = PBXSourcesBuildPhase;
			buildActionMask = 2147483647;
			files = (
				E0FA75B425CD1C0100782442 /* StopWatchTests.swift in Sources */,
			);
			runOnlyForDeploymentPostprocessing = 0;
		};
		E0FA75B625CD1C0100782442 /* Sources */ = {
			isa = PBXSourcesBuildPhase;
			buildActionMask = 2147483647;
			files = (
				E0FA75BF25CD1C0100782442 /* StopWatchUITests.swift in Sources */,
			);
			runOnlyForDeploymentPostprocessing = 0;
		};
/* End PBXSourcesBuildPhase section */

/* Begin PBXTargetDependency section */
		E0FA75B125CD1C0100782442 /* PBXTargetDependency */ = {
			isa = PBXTargetDependency;
			target = E0FA759825CD1BFE00782442 /* StopWatch */;
			targetProxy = E0FA75B025CD1C0100782442 /* PBXContainerItemProxy */;
		};
		E0FA75BC25CD1C0100782442 /* PBXTargetDependency */ = {
			isa = PBXTargetDependency;
			target = E0FA759825CD1BFE00782442 /* StopWatch */;
			targetProxy = E0FA75BB25CD1C0100782442 /* PBXContainerItemProxy */;
		};
/* End PBXTargetDependency section */

/* Begin PBXVariantGroup section */
		E0FA75A225CD1BFE00782442 /* Main.storyboard */ = {
			isa = PBXVariantGroup;
			children = (
				E0FA75A325CD1BFE00782442 /* Base */,
			);
			name = Main.storyboard;
			sourceTree = "<group>";
		};
		E0FA75A725CD1C0100782442 /* LaunchScreen.storyboard */ = {
			isa = PBXVariantGroup;
			children = (
				E0FA75A825CD1C0100782442 /* Base */,
			);
			name = LaunchScreen.storyboard;
			sourceTree = "<group>";
		};
/* End PBXVariantGroup section */

/* Begin XCBuildConfiguration section */
		E0FA75C125CD1C0100782442 /* Debug */ = {
			isa = XCBuildConfiguration;
			buildSettings = {
				ALWAYS_SEARCH_USER_PATHS = NO;
				CLANG_ANALYZER_NONNULL = YES;
				CLANG_ANALYZER_NUMBER_OBJECT_CONVERSION = YES_AGGRESSIVE;
				CLANG_CXX_LANGUAGE_STANDARD = "gnu++14";
				CLANG_CXX_LIBRARY = "libc++";
				CLANG_ENABLE_MODULES = YES;
				CLANG_ENABLE_OBJC_ARC = YES;
				CLANG_ENABLE_OBJC_WEAK = YES;
				CLANG_WARN_BLOCK_CAPTURE_AUTORELEASING = YES;
				CLANG_WARN_BOOL_CONVERSION = YES;
				CLANG_WARN_COMMA = YES;
				CLANG_WARN_CONSTANT_CONVERSION = YES;
				CLANG_WARN_DEPRECATED_OBJC_IMPLEMENTATIONS = YES;
				CLANG_WARN_DIRECT_OBJC_ISA_USAGE = YES_ERROR;
				CLANG_WARN_DOCUMENTATION_COMMENTS = YES;
				CLANG_WARN_EMPTY_BODY = YES;
				CLANG_WARN_ENUM_CONVERSION = YES;
				CLANG_WARN_INFINITE_RECURSION = YES;
				CLANG_WARN_INT_CONVERSION = YES;
				CLANG_WARN_NON_LITERAL_NULL_CONVERSION = YES;
				CLANG_WARN_OBJC_IMPLICIT_RETAIN_SELF = YES;
				CLANG_WARN_OBJC_LITERAL_CONVERSION = YES;
				CLANG_WARN_OBJC_ROOT_CLASS = YES_ERROR;
				CLANG_WARN_QUOTED_INCLUDE_IN_FRAMEWORK_HEADER = YES;
				CLANG_WARN_RANGE_LOOP_ANALYSIS = YES;
				CLANG_WARN_STRICT_PROTOTYPES = YES;
				CLANG_WARN_SUSPICIOUS_MOVE = YES;
				CLANG_WARN_UNGUARDED_AVAILABILITY = YES_AGGRESSIVE;
				CLANG_WARN_UNREACHABLE_CODE = YES;
				CLANG_WARN__DUPLICATE_METHOD_MATCH = YES;
				COPY_PHASE_STRIP = NO;
				DEBUG_INFORMATION_FORMAT = dwarf;
				ENABLE_STRICT_OBJC_MSGSEND = YES;
				ENABLE_TESTABILITY = YES;
				GCC_C_LANGUAGE_STANDARD = gnu11;
				GCC_DYNAMIC_NO_PIC = NO;
				GCC_NO_COMMON_BLOCKS = YES;
				GCC_OPTIMIZATION_LEVEL = 0;
				GCC_PREPROCESSOR_DEFINITIONS = (
					"DEBUG=1",
					"$(inherited)",
				);
				GCC_WARN_64_TO_32_BIT_CONVERSION = YES;
				GCC_WARN_ABOUT_RETURN_TYPE = YES_ERROR;
				GCC_WARN_UNDECLARED_SELECTOR = YES;
				GCC_WARN_UNINITIALIZED_AUTOS = YES_AGGRESSIVE;
				GCC_WARN_UNUSED_FUNCTION = YES;
				GCC_WARN_UNUSED_VARIABLE = YES;
				IPHONEOS_DEPLOYMENT_TARGET = 14.4;
				MTL_ENABLE_DEBUG_INFO = INCLUDE_SOURCE;
				MTL_FAST_MATH = YES;
				ONLY_ACTIVE_ARCH = YES;
				SDKROOT = iphoneos;
				SWIFT_ACTIVE_COMPILATION_CONDITIONS = DEBUG;
				SWIFT_OPTIMIZATION_LEVEL = "-Onone";
			};
			name = Debug;
		};
		E0FA75C225CD1C0100782442 /* Release */ = {
			isa = XCBuildConfiguration;
			buildSettings = {
				ALWAYS_SEARCH_USER_PATHS = NO;
				CLANG_ANALYZER_NONNULL = YES;
				CLANG_ANALYZER_NUMBER_OBJECT_CONVERSION = YES_AGGRESSIVE;
				CLANG_CXX_LANGUAGE_STANDARD = "gnu++14";
				CLANG_CXX_LIBRARY = "libc++";
				CLANG_ENABLE_MODULES = YES;
				CLANG_ENABLE_OBJC_ARC = YES;
				CLANG_ENABLE_OBJC_WEAK = YES;
				CLANG_WARN_BLOCK_CAPTURE_AUTORELEASING = YES;
				CLANG_WARN_BOOL_CONVERSION = YES;
				CLANG_WARN_COMMA = YES;
				CLANG_WARN_CONSTANT_CONVERSION = YES;
				CLANG_WARN_DEPRECATED_OBJC_IMPLEMENTATIONS = YES;
				CLANG_WARN_DIRECT_OBJC_ISA_USAGE = YES_ERROR;
				CLANG_WARN_DOCUMENTATION_COMMENTS = YES;
				CLANG_WARN_EMPTY_BODY = YES;
				CLANG_WARN_ENUM_CONVERSION = YES;
				CLANG_WARN_INFINITE_RECURSION = YES;
				CLANG_WARN_INT_CONVERSION = YES;
				CLANG_WARN_NON_LITERAL_NULL_CONVERSION = YES;
				CLANG_WARN_OBJC_IMPLICIT_RETAIN_SELF = YES;
				CLANG_WARN_OBJC_LITERAL_CONVERSION = YES;
				CLANG_WARN_OBJC_ROOT_CLASS = YES_ERROR;
				CLANG_WARN_QUOTED_INCLUDE_IN_FRAMEWORK_HEADER = YES;
				CLANG_WARN_RANGE_LOOP_ANALYSIS = YES;
				CLANG_WARN_STRICT_PROTOTYPES = YES;
				CLANG_WARN_SUSPICIOUS_MOVE = YES;
				CLANG_WARN_UNGUARDED_AVAILABILITY = YES_AGGRESSIVE;
				CLANG_WARN_UNREACHABLE_CODE = YES;
				CLANG_WARN__DUPLICATE_METHOD_MATCH = YES;
				COPY_PHASE_STRIP = NO;
				DEBUG_INFORMATION_FORMAT = "dwarf-with-dsym";
				ENABLE_NS_ASSERTIONS = NO;
				ENABLE_STRICT_OBJC_MSGSEND = YES;
				GCC_C_LANGUAGE_STANDARD = gnu11;
				GCC_NO_COMMON_BLOCKS = YES;
				GCC_WARN_64_TO_32_BIT_CONVERSION = YES;
				GCC_WARN_ABOUT_RETURN_TYPE = YES_ERROR;
				GCC_WARN_UNDECLARED_SELECTOR = YES;
				GCC_WARN_UNINITIALIZED_AUTOS = YES_AGGRESSIVE;
				GCC_WARN_UNUSED_FUNCTION = YES;
				GCC_WARN_UNUSED_VARIABLE = YES;
				IPHONEOS_DEPLOYMENT_TARGET = 14.4;
				MTL_ENABLE_DEBUG_INFO = NO;
				MTL_FAST_MATH = YES;
				SDKROOT = iphoneos;
				SWIFT_COMPILATION_MODE = wholemodule;
				SWIFT_OPTIMIZATION_LEVEL = "-O";
				VALIDATE_PRODUCT = YES;
			};
			name = Release;
		};
		E0FA75C425CD1C0100782442 /* Debug */ = {
			isa = XCBuildConfiguration;
			buildSettings = {
				ASSETCATALOG_COMPILER_APPICON_NAME = AppIcon;
				ASSETCATALOG_COMPILER_GLOBAL_ACCENT_COLOR_NAME = AccentColor;
				CODE_SIGN_STYLE = Automatic;
				INFOPLIST_FILE = StopWatch/Info.plist;
				LD_RUNPATH_SEARCH_PATHS = (
					"$(inherited)",
					"@executable_path/Frameworks",
				);
				PRODUCT_BUNDLE_IDENTIFIER = app.nagaishi.riricha.StopWatch;
				PRODUCT_NAME = "$(TARGET_NAME)";
				SWIFT_VERSION = 5.0;
				TARGETED_DEVICE_FAMILY = "1,2";
			};
			name = Debug;
		};
		E0FA75C525CD1C0100782442 /* Release */ = {
			isa = XCBuildConfiguration;
			buildSettings = {
				ASSETCATALOG_COMPILER_APPICON_NAME = AppIcon;
				ASSETCATALOG_COMPILER_GLOBAL_ACCENT_COLOR_NAME = AccentColor;
				CODE_SIGN_STYLE = Automatic;
				INFOPLIST_FILE = StopWatch/Info.plist;
				LD_RUNPATH_SEARCH_PATHS = (
					"$(inherited)",
					"@executable_path/Frameworks",
				);
				PRODUCT_BUNDLE_IDENTIFIER = app.nagaishi.riricha.StopWatch;
				PRODUCT_NAME = "$(TARGET_NAME)";
				SWIFT_VERSION = 5.0;
				TARGETED_DEVICE_FAMILY = "1,2";
			};
			name = Release;
		};
		E0FA75C725CD1C0100782442 /* Debug */ = {
			isa = XCBuildConfiguration;
			buildSettings = {
				ALWAYS_EMBED_SWIFT_STANDARD_LIBRARIES = YES;
				BUNDLE_LOADER = "$(TEST_HOST)";
				CODE_SIGN_STYLE = Automatic;
				INFOPLIST_FILE = StopWatchTests/Info.plist;
				IPHONEOS_DEPLOYMENT_TARGET = 14.4;
				LD_RUNPATH_SEARCH_PATHS = (
					"$(inherited)",
					"@executable_path/Frameworks",
					"@loader_path/Frameworks",
				);
				PRODUCT_BUNDLE_IDENTIFIER = app.nagaishi.riricha.StopWatchTests;
				PRODUCT_NAME = "$(TARGET_NAME)";
				SWIFT_VERSION = 5.0;
				TARGETED_DEVICE_FAMILY = "1,2";
				TEST_HOST = "$(BUILT_PRODUCTS_DIR)/StopWatch.app/StopWatch";
			};
			name = Debug;
		};
		E0FA75C825CD1C0100782442 /* Release */ = {
			isa = XCBuildConfiguration;
			buildSettings = {
				ALWAYS_EMBED_SWIFT_STANDARD_LIBRARIES = YES;
				BUNDLE_LOADER = "$(TEST_HOST)";
				CODE_SIGN_STYLE = Automatic;
				INFOPLIST_FILE = StopWatchTests/Info.plist;
				IPHONEOS_DEPLOYMENT_TARGET = 14.4;
				LD_RUNPATH_SEARCH_PATHS = (
					"$(inherited)",
					"@executable_path/Frameworks",
					"@loader_path/Frameworks",
				);
				PRODUCT_BUNDLE_IDENTIFIER = app.nagaishi.riricha.StopWatchTests;
				PRODUCT_NAME = "$(TARGET_NAME)";
				SWIFT_VERSION = 5.0;
				TARGETED_DEVICE_FAMILY = "1,2";
				TEST_HOST = "$(BUILT_PRODUCTS_DIR)/StopWatch.app/StopWatch";
			};
			name = Release;
		};
		E0FA75CA25CD1C0100782442 /* Debug */ = {
			isa = XCBuildConfiguration;
			buildSettings = {
				ALWAYS_EMBED_SWIFT_STANDARD_LIBRARIES = YES;
				CODE_SIGN_STYLE = Automatic;
				INFOPLIST_FILE = StopWatchUITests/Info.plist;
				LD_RUNPATH_SEARCH_PATHS = (
					"$(inherited)",
					"@executable_path/Frameworks",
					"@loader_path/Frameworks",
				);
				PRODUCT_BUNDLE_IDENTIFIER = app.nagaishi.riricha.StopWatchUITests;
				PRODUCT_NAME = "$(TARGET_NAME)";
				SWIFT_VERSION = 5.0;
				TARGETED_DEVICE_FAMILY = "1,2";
				TEST_TARGET_NAME = StopWatch;
			};
			name = Debug;
		};
		E0FA75CB25CD1C0100782442 /* Release */ = {
			isa = XCBuildConfiguration;
			buildSettings = {
				ALWAYS_EMBED_SWIFT_STANDARD_LIBRARIES = YES;
				CODE_SIGN_STYLE = Automatic;
				INFOPLIST_FILE = StopWatchUITests/Info.plist;
				LD_RUNPATH_SEARCH_PATHS = (
					"$(inherited)",
					"@executable_path/Frameworks",
					"@loader_path/Frameworks",
				);
				PRODUCT_BUNDLE_IDENTIFIER = app.nagaishi.riricha.StopWatchUITests;
				PRODUCT_NAME = "$(TARGET_NAME)";
				SWIFT_VERSION = 5.0;
				TARGETED_DEVICE_FAMILY = "1,2";
				TEST_TARGET_NAME = StopWatch;
			};
			name = Release;
		};
/* End XCBuildConfiguration section */

/* Begin XCConfigurationList section */
		E0FA759425CD1BFE00782442 /* Build configuration list for PBXProject "StopWatch" */ = {
			isa = XCConfigurationList;
			buildConfigurations = (
				E0FA75C125CD1C0100782442 /* Debug */,
				E0FA75C225CD1C0100782442 /* Release */,
			);
			defaultConfigurationIsVisible = 0;
			defaultConfigurationName = Release;
		};
		E0FA75C325CD1C0100782442 /* Build configuration list for PBXNativeTarget "StopWatch" */ = {
			isa = XCConfigurationList;
			buildConfigurations = (
				E0FA75C425CD1C0100782442 /* Debug */,
				E0FA75C525CD1C0100782442 /* Release */,
			);
			defaultConfigurationIsVisible = 0;
			defaultConfigurationName = Release;
		};
		E0FA75C625CD1C0100782442 /* Build configuration list for PBXNativeTarget "StopWatchTests" */ = {
			isa = XCConfigurationList;
			buildConfigurations = (
				E0FA75C725CD1C0100782442 /* Debug */,
				E0FA75C825CD1C0100782442 /* Release */,
			);
			defaultConfigurationIsVisible = 0;
			defaultConfigurationName = Release;
		};
		E0FA75C925CD1C0100782442 /* Build configuration list for PBXNativeTarget "StopWatchUITests" */ = {
			isa = XCConfigurationList;
			buildConfigurations = (
				E0FA75CA25CD1C0100782442 /* Debug */,
				E0FA75CB25CD1C0100782442 /* Release */,
			);
			defaultConfigurationIsVisible = 0;
			defaultConfigurationName = Release;
		};
/* End XCConfigurationList section */
	};
	rootObject = E0FA759125CD1BFE00782442 /* Project object */;
}
